
Microsoft Visual Studio Solution File, Format Version 12.00
# Visual Studio Version 17
VisualStudioVersion = 17.8.34525.116
MinimumVisualStudioVersion = 10.0.40219.1
Project("{FAE04EC0-301F-11D3-BF4B-00C04F79EFBC}") = "ServerSideTable.Demo.NET7", "ServerSideTable.Demo.NET7\ServerSideTable.Demo.NET7.csproj", "{E977D90F-8293-437A-8253-F5F656BB3012}"
EndProject
Project("{FAE04EC0-301F-11D3-BF4B-00C04F79EFBC}") = "ServerSideTable.Demo.NET8", "ServerSideTable.Demo.NET8\ServerSideTable.Demo.NET8.csproj", "{91C770E0-883A-4B02-AAFE-6EA9659927C9}"
EndProject
Project("{FAE04EC0-301F-11D3-BF4B-00C04F79EFBC}") = "ServerSideTable.Demo.NET6", "ServerSideTable.Demo.NET6\ServerSideTable.Demo.NET6.csproj", "{57EF0726-84FD-4338-B52E-99BA4E38A83D}"
EndProject
Project("{FAE04EC0-301F-11D3-BF4B-00C04F79EFBC}") = "ServerSideTable.Demo.NET5", "ServerSideTable.Demo.NET5\ServerSideTable.Demo.NET5.csproj", "{DDD0ABA9-6DB6-46F3-993D-65FAF8D7E2A9}"
EndProject
Project("{FAE04EC0-301F-11D3-BF4B-00C04F79EFBC}") = "ServerSideTable.Demo.NET3.1", "ServerSideTable.Demo.NET3.1\ServerSideTable.Demo.NET3.1.csproj", "{09E1DA40-3A97-4824-96CB-6D77BF32F38D}"
EndProject
Global
	GlobalSection(SolutionConfigurationPlatforms) = preSolution
		Debug|Any CPU = Debug|Any CPU
		Release|Any CPU = Release|Any CPU
	EndGlobalSection
	GlobalSection(ProjectConfigurationPlatforms) = postSolution
		{E977D90F-8293-437A-8253-F5F656BB3012}.Debug|Any CPU.ActiveCfg = Debug|Any CPU
		{E977D90F-8293-437A-8253-F5F656BB3012}.Debug|Any CPU.Build.0 = Debug|Any CPU
		{E977D90F-8293-437A-8253-F5F656BB3012}.Release|Any CPU.ActiveCfg = Release|Any CPU
		{E977D90F-8293-437A-8253-F5F656BB3012}.Release|Any CPU.Build.0 = Release|Any CPU
		{91C770E0-883A-4B02-AAFE-6EA9659927C9}.Debug|Any CPU.ActiveCfg = Debug|Any CPU
		{91C770E0-883A-4B02-AAFE-6EA9659927C9}.Debug|Any CPU.Build.0 = Debug|Any CPU
		{91C770E0-883A-4B02-AAFE-6EA9659927C9}.Release|Any CPU.ActiveCfg = Release|Any CPU
		{91C770E0-883A-4B02-AAFE-6EA9659927C9}.Release|Any CPU.Build.0 = Release|Any CPU
		{57EF0726-84FD-4338-B52E-99BA4E38A83D}.Debug|Any CPU.ActiveCfg = Debug|Any CPU
		{57EF0726-84FD-4338-B52E-99BA4E38A83D}.Debug|Any CPU.Build.0 = Debug|Any CPU
		{57EF0726-84FD-4338-B52E-99BA4E38A83D}.Release|Any CPU.ActiveCfg = Release|Any CPU
		{57EF0726-84FD-4338-B52E-99BA4E38A83D}.Release|Any CPU.Build.0 = Release|Any CPU
		{DDD0ABA9-6DB6-46F3-993D-65FAF8D7E2A9}.Debug|Any CPU.ActiveCfg = Debug|Any CPU
		{DDD0ABA9-6DB6-46F3-993D-65FAF8D7E2A9}.Debug|Any CPU.Build.0 = Debug|Any CPU
		{DDD0ABA9-6DB6-46F3-993D-65FAF8D7E2A9}.Release|Any CPU.ActiveCfg = Release|Any CPU
		{DDD0ABA9-6DB6-46F3-993D-65FAF8D7E2A9}.Release|Any CPU.Build.0 = Release|Any CPU
		{09E1DA40-3A97-4824-96CB-6D77BF32F38D}.Debug|Any CPU.ActiveCfg = Debug|Any CPU
		{09E1DA40-3A97-4824-96CB-6D77BF32F38D}.Debug|Any CPU.Build.0 = Debug|Any CPU
		{09E1DA40-3A97-4824-96CB-6D77BF32F38D}.Release|Any CPU.ActiveCfg = Release|Any CPU
		{09E1DA40-3A97-4824-96CB-6D77BF32F38D}.Release|Any CPU.Build.0 = Release|Any CPU
	EndGlobalSection
	GlobalSection(SolutionProperties) = preSolution
		HideSolutionNode = FALSE
	EndGlobalSection
	GlobalSection(ExtensibilityGlobals) = postSolution
		SolutionGuid = {065D5389-768C-4296-B8A0-D155625D9810}
	EndGlobalSection
EndGlobal
